
Microsoft Visual Studio Solution File, Format Version 12.00
# Visual Studio Version 16
VisualStudioVersion = 16.0.31205.134
MinimumVisualStudioVersion = 10.0.40219.1
Project("{FAE04EC0-301F-11D3-BF4B-00C04F79EFBC}") = "azure_function_refactor", "azure_function_refactor\azure_function_refactor.csproj", "{FFF3DD65-4C4A-45F6-B413-F3B4C5710A0F}"
EndProject
Project("{FAE04EC0-301F-11D3-BF4B-00C04F79EFBC}") = "azure_function_refactor.ioc", "azure_function_refactor.ioc\azure_function_refactor.ioc.csproj", "{DC9AC71B-ABB6-4074-9E9B-2DD349040441}"
EndProject
Project("{FAE04EC0-301F-11D3-BF4B-00C04F79EFBC}") = "azure_function_refactor.dados", "azure_function_refactor.dados\azure_function_refactor.dados.csproj", "{6A0A496C-CDF7-4CF7-AAFD-B2D094DB8BD1}"
EndProject
Project("{FAE04EC0-301F-11D3-BF4B-00C04F79EFBC}") = "azure_function_refactor.dominio", "azure_function_refactor.dominio\azure_function_refactor.dominio.csproj", "{F9359497-E3A1-4897-92FF-A94F3B64AD2A}"
EndProject
Global
	GlobalSection(SolutionConfigurationPlatforms) = preSolution
		Debug|Any CPU = Debug|Any CPU
		Release|Any CPU = Release|Any CPU
	EndGlobalSection
	GlobalSection(ProjectConfigurationPlatforms) = postSolution
		{FFF3DD65-4C4A-45F6-B413-F3B4C5710A0F}.Debug|Any CPU.ActiveCfg = Debug|Any CPU
		{FFF3DD65-4C4A-45F6-B413-F3B4C5710A0F}.Debug|Any CPU.Build.0 = Debug|Any CPU
		{FFF3DD65-4C4A-45F6-B413-F3B4C5710A0F}.Release|Any CPU.ActiveCfg = Release|Any CPU
		{FFF3DD65-4C4A-45F6-B413-F3B4C5710A0F}.Release|Any CPU.Build.0 = Release|Any CPU
		{DC9AC71B-ABB6-4074-9E9B-2DD349040441}.Debug|Any CPU.ActiveCfg = Debug|Any CPU
		{DC9AC71B-ABB6-4074-9E9B-2DD349040441}.Debug|Any CPU.Build.0 = Debug|Any CPU
		{DC9AC71B-ABB6-4074-9E9B-2DD349040441}.Release|Any CPU.ActiveCfg = Release|Any CPU
		{DC9AC71B-ABB6-4074-9E9B-2DD349040441}.Release|Any CPU.Build.0 = Release|Any CPU
		{6A0A496C-CDF7-4CF7-AAFD-B2D094DB8BD1}.Debug|Any CPU.ActiveCfg = Debug|Any CPU
		{6A0A496C-CDF7-4CF7-AAFD-B2D094DB8BD1}.Debug|Any CPU.Build.0 = Debug|Any CPU
		{6A0A496C-CDF7-4CF7-AAFD-B2D094DB8BD1}.Release|Any CPU.ActiveCfg = Release|Any CPU
		{6A0A496C-CDF7-4CF7-AAFD-B2D094DB8BD1}.Release|Any CPU.Build.0 = Release|Any CPU
		{F9359497-E3A1-4897-92FF-A94F3B64AD2A}.Debug|Any CPU.ActiveCfg = Debug|Any CPU
		{F9359497-E3A1-4897-92FF-A94F3B64AD2A}.Debug|Any CPU.Build.0 = Debug|Any CPU
		{F9359497-E3A1-4897-92FF-A94F3B64AD2A}.Release|Any CPU.ActiveCfg = Release|Any CPU
		{F9359497-E3A1-4897-92FF-A94F3B64AD2A}.Release|Any CPU.Build.0 = Release|Any CPU
	EndGlobalSection
	GlobalSection(SolutionProperties) = preSolution
		HideSolutionNode = FALSE
	EndGlobalSection
	GlobalSection(ExtensibilityGlobals) = postSolution
		SolutionGuid = {8E3985AB-23B2-4253-8CD2-4612A2E03AAE}
	EndGlobalSection
EndGlobal
